
Microsoft Visual Studio Solution File, Format Version 12.00
# Visual Studio Version 17
VisualStudioVersion = 17.0.32112.339
MinimumVisualStudioVersion = 10.0.40219.1
Project("{9A19103F-16F7-4668-BE54-9A1E7A4F7556}") = "MC-HEXColor-Gadient-Generator", "MC-HEXColor-Gadient-Generator.csproj", "{EDF4EB10-ACD5-40A4-B1D9-8D48291E190D}"
EndProject
Global
	GlobalSection(SolutionConfigurationPlatforms) = preSolution
		Debug|Any CPU = Debug|Any CPU
		Debug|ARM64 = Debug|ARM64
		Debug|x64 = Debug|x64
		Debug|x86 = Debug|x86
		Release|Any CPU = Release|Any CPU
		Release|ARM64 = Release|ARM64
		Release|x64 = Release|x64
		Release|x86 = Release|x86
	EndGlobalSection
	GlobalSection(ProjectConfigurationPlatforms) = postSolution
		{EDF4EB10-ACD5-40A4-B1D9-8D48291E190D}.Debug|Any CPU.ActiveCfg = Debug|Any CPU
		{EDF4EB10-ACD5-40A4-B1D9-8D48291E190D}.Debug|Any CPU.Build.0 = Debug|Any CPU
		{EDF4EB10-ACD5-40A4-B1D9-8D48291E190D}.Debug|ARM64.ActiveCfg = Debug|ARM64
		{EDF4EB10-ACD5-40A4-B1D9-8D48291E190D}.Debug|ARM64.Build.0 = Debug|ARM64
		{EDF4EB10-ACD5-40A4-B1D9-8D48291E190D}.Debug|x64.ActiveCfg = Debug|x64
		{EDF4EB10-ACD5-40A4-B1D9-8D48291E190D}.Debug|x64.Build.0 = Debug|x64
		{EDF4EB10-ACD5-40A4-B1D9-8D48291E190D}.Debug|x86.ActiveCfg = Debug|x86
		{EDF4EB10-ACD5-40A4-B1D9-8D48291E190D}.Debug|x86.Build.0 = Debug|x86
		{EDF4EB10-ACD5-40A4-B1D9-8D48291E190D}.Release|Any CPU.ActiveCfg = Release|Any CPU
		{EDF4EB10-ACD5-40A4-B1D9-8D48291E190D}.Release|Any CPU.Build.0 = Release|Any CPU
		{EDF4EB10-ACD5-40A4-B1D9-8D48291E190D}.Release|ARM64.ActiveCfg = Release|ARM64
		{EDF4EB10-ACD5-40A4-B1D9-8D48291E190D}.Release|ARM64.Build.0 = Release|ARM64
		{EDF4EB10-ACD5-40A4-B1D9-8D48291E190D}.Release|x64.ActiveCfg = Release|x64
		{EDF4EB10-ACD5-40A4-B1D9-8D48291E190D}.Release|x64.Build.0 = Release|x64
		{EDF4EB10-ACD5-40A4-B1D9-8D48291E190D}.Release|x86.ActiveCfg = Release|x86
		{EDF4EB10-ACD5-40A4-B1D9-8D48291E190D}.Release|x86.Build.0 = Release|x86
	EndGlobalSection
	GlobalSection(SolutionProperties) = preSolution
		HideSolutionNode = FALSE
	EndGlobalSection
	GlobalSection(ExtensibilityGlobals) = postSolution
		SolutionGuid = {BEE179B0-0684-457F-923E-DDBB212B608E}
	EndGlobalSection
EndGlobal
